# This is a Gradle generated file for dependency locking.
# Manual edits can break the build and are not advised.
# This file is expected to be part of source control.
com.atlassian.performance.tools:jira-actions:3.9.1-SNAPSHOT
com.atlassian.performance.tools:virtual-users:3.10.0
com.github.stephenc.jcip:jcip-annotations:1.0-1
org.apache.logging.log4j:log4j-api:2.12.0
org.apache.logging.log4j:log4j-core:2.12.0
org.seleniumhq.selenium:selenium-api:3.11.0
